
Microsoft Visual Studio Solution File, Format Version 12.00
# Visual Studio Version 17
VisualStudioVersion = 17.7.34009.444
MinimumVisualStudioVersion = 10.0.40219.1
Project("{FAE04EC0-301F-11D3-BF4B-00C04F79EFBC}") = "Mid", "Mid\Mid.csproj", "{4320F040-7229-47C9-84D1-7BAC585ACFB9}"
EndProject
Global
	GlobalSection(SolutionConfigurationPlatforms) = preSolution
		Debug|Any CPU = Debug|Any CPU
		Release|Any CPU = Release|Any CPU
	EndGlobalSection
	GlobalSection(ProjectConfigurationPlatforms) = postSolution
		{4320F040-7229-47C9-84D1-7BAC585ACFB9}.Debug|Any CPU.ActiveCfg = Debug|Any CPU
		{4320F040-7229-47C9-84D1-7BAC585ACFB9}.Debug|Any CPU.Build.0 = Debug|Any CPU
		{4320F040-7229-47C9-84D1-7BAC585ACFB9}.Release|Any CPU.ActiveCfg = Release|Any CPU
		{4320F040-7229-47C9-84D1-7BAC585ACFB9}.Release|Any CPU.Build.0 = Release|Any CPU
	EndGlobalSection
	GlobalSection(SolutionProperties) = preSolution
		HideSolutionNode = FALSE
	EndGlobalSection
	GlobalSection(ExtensibilityGlobals) = postSolution
		SolutionGuid = {0D1DC37F-986F-4993-B40A-A26BA2F3A361}
	EndGlobalSection
EndGlobal
